
Microsoft Visual Studio Solution File, Format Version 12.00
# Visual Studio Version 17
VisualStudioVersion = 17.2.32616.157
MinimumVisualStudioVersion = 10.0.40219.1
Project("{9A19103F-16F7-4668-BE54-9A1E7A4F7556}") = "Shopping.Client", "Shopping.Client\Shopping.Client.csproj", "{0EBE697A-E898-4686-9CF2-158355A74C3C}"
EndProject
Project("{9A19103F-16F7-4668-BE54-9A1E7A4F7556}") = "Shopping.API", "Shopping.API\Shopping.API.csproj", "{4026C649-54E3-4169-91E7-1816E334F9E8}"
EndProject
Project("{E53339B2-1760-4266-BCC7-CA923CBCF16C}") = "docker-compose", "docker-compose.dcproj", "{D3D54180-133B-4885-B203-31C27353BA65}"
EndProject
Global
	GlobalSection(SolutionConfigurationPlatforms) = preSolution
		Debug|Any CPU = Debug|Any CPU
		Release|Any CPU = Release|Any CPU
	EndGlobalSection
	GlobalSection(ProjectConfigurationPlatforms) = postSolution
		{0EBE697A-E898-4686-9CF2-158355A74C3C}.Debug|Any CPU.ActiveCfg = Debug|Any CPU
		{0EBE697A-E898-4686-9CF2-158355A74C3C}.Debug|Any CPU.Build.0 = Debug|Any CPU
		{0EBE697A-E898-4686-9CF2-158355A74C3C}.Release|Any CPU.ActiveCfg = Release|Any CPU
		{0EBE697A-E898-4686-9CF2-158355A74C3C}.Release|Any CPU.Build.0 = Release|Any CPU
		{4026C649-54E3-4169-91E7-1816E334F9E8}.Debug|Any CPU.ActiveCfg = Debug|Any CPU
		{4026C649-54E3-4169-91E7-1816E334F9E8}.Debug|Any CPU.Build.0 = Debug|Any CPU
		{4026C649-54E3-4169-91E7-1816E334F9E8}.Release|Any CPU.ActiveCfg = Release|Any CPU
		{4026C649-54E3-4169-91E7-1816E334F9E8}.Release|Any CPU.Build.0 = Release|Any CPU
		{D3D54180-133B-4885-B203-31C27353BA65}.Debug|Any CPU.ActiveCfg = Debug|Any CPU
		{D3D54180-133B-4885-B203-31C27353BA65}.Debug|Any CPU.Build.0 = Debug|Any CPU
		{D3D54180-133B-4885-B203-31C27353BA65}.Release|Any CPU.ActiveCfg = Release|Any CPU
		{D3D54180-133B-4885-B203-31C27353BA65}.Release|Any CPU.Build.0 = Release|Any CPU
	EndGlobalSection
	GlobalSection(SolutionProperties) = preSolution
		HideSolutionNode = FALSE
	EndGlobalSection
	GlobalSection(ExtensibilityGlobals) = postSolution
		SolutionGuid = {18B9815F-198A-467B-A22C-C2355986603A}
	EndGlobalSection
EndGlobal
